
Microsoft Visual Studio Solution File, Format Version 12.00
# Visual Studio Version 17
VisualStudioVersion = 17.14.36127.28 d17.14
MinimumVisualStudioVersion = 10.0.40219.1
Project("{888888A0-9F3D-457C-B088-3A5042F75D52}") = "file_reading", "file_reading\file_reading.pyproj", "{FF30142C-37CC-461D-A2EF-3887DB7884CC}"
EndProject
Global
	GlobalSection(SolutionConfigurationPlatforms) = preSolution
		Debug|Any CPU = Debug|Any CPU
		Release|Any CPU = Release|Any CPU
	EndGlobalSection
	GlobalSection(ProjectConfigurationPlatforms) = postSolution
		{FF30142C-37CC-461D-A2EF-3887DB7884CC}.Debug|Any CPU.ActiveCfg = Debug|Any CPU
		{FF30142C-37CC-461D-A2EF-3887DB7884CC}.Release|Any CPU.ActiveCfg = Release|Any CPU
	EndGlobalSection
	GlobalSection(SolutionProperties) = preSolution
		HideSolutionNode = FALSE
	EndGlobalSection
	GlobalSection(ExtensibilityGlobals) = postSolution
		SolutionGuid = {137E2EC5-A6ED-418B-BF82-BE17A97B8450}
	EndGlobalSection
EndGlobal
